
Microsoft Visual Studio Solution File, Format Version 12.00
# Visual Studio Version 17
VisualStudioVersion = 17.10.35013.160
MinimumVisualStudioVersion = 10.0.40219.1
Project("{FAE04EC0-301F-11D3-BF4B-00C04F79EFBC}") = "LINQAssignment", "LINQAssignment\LINQAssignment.csproj", "{05347B09-E997-466C-948E-4724957ECFEC}"
EndProject
Global
	GlobalSection(SolutionConfigurationPlatforms) = preSolution
		Debug|Any CPU = Debug|Any CPU
		Release|Any CPU = Release|Any CPU
	EndGlobalSection
	GlobalSection(ProjectConfigurationPlatforms) = postSolution
		{05347B09-E997-466C-948E-4724957ECFEC}.Debug|Any CPU.ActiveCfg = Debug|Any CPU
		{05347B09-E997-466C-948E-4724957ECFEC}.Debug|Any CPU.Build.0 = Debug|Any CPU
		{05347B09-E997-466C-948E-4724957ECFEC}.Release|Any CPU.ActiveCfg = Release|Any CPU
		{05347B09-E997-466C-948E-4724957ECFEC}.Release|Any CPU.Build.0 = Release|Any CPU
	EndGlobalSection
	GlobalSection(SolutionProperties) = preSolution
		HideSolutionNode = FALSE
	EndGlobalSection
	GlobalSection(ExtensibilityGlobals) = postSolution
		SolutionGuid = {E95FED19-5FCF-4287-A96B-6B3E52E501F9}
	EndGlobalSection
EndGlobal
